{
  "name": "client",
  "version": "1.0.0",
  "lockfileVersion": 1,
  "requires": true,
  "dependencies": {
    "@licnz/core": {
      "version": "1.2.8",
      "resolved": "https://npm-proxy.fury.io/licnz/~/d/%40licnz%2Fcore/%40licnz%2Fcore-1.2.8",
      "integrity": "sha1-nyx35tNuslYvU9PNHHOrnj2yPDk=",
      "requires": {
        "@types/node": "^8.0.28",
        "crc": "^3.5.0",
        "hashids": "~1.1.4",
        "opentracing": "0.14.2",
        "uuid": "^3.1.0"
      }
    },
    "@licnz/date": {
      "version": "1.2.19",
      "resolved": "https://npm-proxy.fury.io/licnz/~/d/%40licnz%2Fdate/%40licnz%2Fdate-1.2.19",
      "integrity": "sha1-po930FOxYdt0w6jsGCsnHUQpGTA=",
      "requires": {
        "@licnz/core": "^1.2.8",
        "@types/moment-timezone": "~0.5.4",
        "@types/node": "^8.0.28",
        "moment": "2.22.2",
        "moment-timezone": "0.5.23"
      }
    },
    "@licnz/http": {
      "version": "1.2.5",
      "resolved": "https://npm-proxy.fury.io/licnz/~/d/%40licnz%2Fhttp/%40licnz%2Fhttp-1.2.5",
      "integrity": "sha1-shm+qNAvQ1aUe7ojc/5aAw2KEqs=",
      "requires": {
        "@licnz/core": "^1.2.5",
        "@types/node": "^8.0.28",
        "@types/node-fetch": "^1.6.7",
        "node-fetch": "~1.7.3"
      }
    },
    "@licnz/logger": {
      "version": "1.2.19",
      "resolved": "https://npm-proxy.fury.io/licnz/~/d/%40licnz%2Flogger/%40licnz%2Flogger-1.2.19",
      "integrity": "sha1-8pZw3EHQx4cvmd13um6oi+MQHuY=",
      "requires": {
        "@licnz/core": "^1.2.8",
        "@licnz/date": "^1.2.19",
        "@licnz/http": "^1.2.8",
        "@types/bunyan": "~1.8.4",
        "@types/node": "^8.0.28",
        "bunyan": "^1.8.12",
        "md5": "^2.2.1"
      },
      "dependencies": {
        "@licnz/http": {
          "version": "1.2.8",
          "resolved": "https://npm-proxy.fury.io/licnz/~/d/%40licnz%2Fhttp/%40licnz%2Fhttp-1.2.8",
          "integrity": "sha1-dmosQKaG12mrP6pQMDXfPK7aGCE=",
          "requires": {
            "@licnz/core": "^1.2.8",
            "@types/node": "^8.0.28",
            "@types/node-fetch": "^1.6.7",
            "node-fetch": "~1.7.3"
          }
        }
      }
    },
    "@licnz/promise": {
      "version": "1.2.8",
      "resolved": "https://npm-proxy.fury.io/licnz/~/d/%40licnz%2Fpromise/%40licnz%2Fpromise-1.2.8",
      "integrity": "sha1-GAW3mPAFE0lpkse1Qmekq7BE6Yg=",
      "requires": {
        "@licnz/core": "^1.2.8",
        "@types/node": "^8.0.28"
      }
    },
    "@licnz/rest": {
      "version": "1.2.5",
      "resolved": "https://npm-proxy.fury.io/licnz/~/d/%40licnz%2Frest/%40licnz%2Frest-1.2.5",
      "integrity": "sha1-jEEgE2CsDk8On3QBHuKAWpYNsNs=",
      "requires": {
        "@licnz/core": "^1.2.5",
        "@licnz/date": "^1.2.5",
        "@licnz/http": "^1.2.5",
        "@licnz/logger": "^1.2.5",
        "@licnz/promise": "^1.2.5",
        "@licnz/uri": "^1.2.5",
        "@types/node": "^8.0.28",
        "mobx": "~3.4.1"
      }
    },
    "@licnz/uri": {
      "version": "1.2.8",
      "resolved": "https://npm-proxy.fury.io/licnz/~/d/%40licnz%2Furi/%40licnz%2Furi-1.2.8",
      "integrity": "sha1-BtWCKyEDTwSlhTY7XsJrrHxOSVU=",
      "requires": {
        "@licnz/core": "^1.2.8",
        "@types/node": "^8.0.28",
        "url-parse": "~1.2.0"
      }
    },
    "@types/bunyan": {
      "version": "1.8.5",
      "resolved": "https://registry.npmjs.org/@types/bunyan/-/bunyan-1.8.5.tgz",
      "integrity": "sha512-7n8ANtxh2c5A/NfCuv8cVtWcgSLdq76MQbtmbInpzXuPw4TSAReUJ+MGHK4m67I4zI3ynCJoABfaeHYJaYSeRg==",
      "requires": {
        "@types/node": "*"
      }
    },
    "@types/moment-timezone": {
      "version": "0.5.9",
      "resolved": "https://registry.npmjs.org/@types/moment-timezone/-/moment-timezone-0.5.9.tgz",
      "integrity": "sha512-tBf1QR8xAayQfI1xD+SMSNDMxi+aCYKEhjgVXTZt3sgxS2XusNX3jM6jJbFoY/ar1CK/PaYJoPkWs/mwcwgOqw==",
      "requires": {
        "moment": ">=2.14.0"
      }
    },
    "@types/node": {
      "version": "8.10.37",
      "resolved": "https://registry.npmjs.org/@types/node/-/node-8.10.37.tgz",
      "integrity": "sha512-Jp39foY8Euv/PG4OGPyzxis82mnjcUtXLEMA8oFMCE4ilmuJgZPdV2nZNV1moz+99EJTtcpOSgDCgATUwABKig=="
    },
    "@types/node-fetch": {
      "version": "1.6.9",
      "resolved": "https://registry.npmjs.org/@types/node-fetch/-/node-fetch-1.6.9.tgz",
      "integrity": "sha512-n2r6WLoY7+uuPT7pnEtKJCmPUGyJ+cbyBR8Avnu4+m1nzz7DwBVuyIvvlBzCZ/nrpC7rIgb3D6pNavL7rFEa9g==",
      "requires": {
        "@types/node": "*"
      }
    },
    "balanced-match": {
      "version": "1.0.0",
      "resolved": "https://registry.npmjs.org/balanced-match/-/balanced-match-1.0.0.tgz",
      "integrity": "sha1-ibTRmasr7kneFk6gK4nORi1xt2c=",
      "optional": true
    },
    "base64-js": {
      "version": "1.3.0",
      "resolved": "https://registry.npmjs.org/base64-js/-/base64-js-1.3.0.tgz",
      "integrity": "sha512-ccav/yGvoa80BQDljCxsmmQ3Xvx60/UpBIij5QN21W3wBi/hhIC9OoO+KLpu9IJTS9j4DRVJ3aDDF9cMSoa2lw=="
    },
    "brace-expansion": {
      "version": "1.1.11",
      "resolved": "https://registry.npmjs.org/brace-expansion/-/brace-expansion-1.1.11.tgz",
      "integrity": "sha512-iCuPHDFgrHX7H2vEI/5xpz07zSHB00TpugqhmYtVmMO6518mCuRMoOYFldEBl0g187ufozdaHgWKcYFb61qGiA==",
      "optional": true,
      "requires": {
        "balanced-match": "^1.0.0",
        "concat-map": "0.0.1"
      }
    },
    "buffer": {
      "version": "5.2.1",
      "resolved": "https://registry.npmjs.org/buffer/-/buffer-5.2.1.tgz",
      "integrity": "sha512-c+Ko0loDaFfuPWiL02ls9Xd3GO3cPVmUobQ6t3rXNUk304u6hGq+8N/kFi+QEIKhzK3uwolVhLzszmfLmMLnqg==",
      "requires": {
        "base64-js": "^1.0.2",
        "ieee754": "^1.1.4"
      }
    },
    "bunyan": {
      "version": "1.8.12",
      "resolved": "https://registry.npmjs.org/bunyan/-/bunyan-1.8.12.tgz",
      "integrity": "sha1-8VDw9nSKvdcq6uhPBEA74u8RN5c=",
      "requires": {
        "dtrace-provider": "~0.8",
        "moment": "^2.10.6",
        "mv": "~2",
        "safe-json-stringify": "~1"
      }
    },
    "charenc": {
      "version": "0.0.2",
      "resolved": "https://registry.npmjs.org/charenc/-/charenc-0.0.2.tgz",
      "integrity": "sha1-wKHS86cJLgN3S/qD8UwPxXkKhmc="
    },
    "concat-map": {
      "version": "0.0.1",
      "resolved": "https://registry.npmjs.org/concat-map/-/concat-map-0.0.1.tgz",
      "integrity": "sha1-2Klr13/Wjfd5OnMDajug1UBdR3s=",
      "optional": true
    },
    "crc": {
      "version": "3.8.0",
      "resolved": "https://registry.npmjs.org/crc/-/crc-3.8.0.tgz",
      "integrity": "sha512-iX3mfgcTMIq3ZKLIsVFAbv7+Mc10kxabAGQb8HvjA1o3T1PIYprbakQ65d3I+2HGHt6nSKkM9PYjgoJO2KcFBQ==",
      "requires": {
        "buffer": "^5.1.0"
      }
    },
    "crypt": {
      "version": "0.0.2",
      "resolved": "https://registry.npmjs.org/crypt/-/crypt-0.0.2.tgz",
      "integrity": "sha1-iNf/fsDfuG9xPch7u0LQRNPmxBs="
    },
    "dtrace-provider": {
      "version": "0.8.7",
      "resolved": "https://registry.npmjs.org/dtrace-provider/-/dtrace-provider-0.8.7.tgz",
      "integrity": "sha1-3JObTT4GIM/gwc2APQ0tftBP/QQ=",
      "optional": true,
      "requires": {
        "nan": "^2.10.0"
      }
    },
    "encoding": {
      "version": "0.1.12",
      "resolved": "https://registry.npmjs.org/encoding/-/encoding-0.1.12.tgz",
      "integrity": "sha1-U4tm8+5izRq1HsMjgp0flIDHS+s=",
      "requires": {
        "iconv-lite": "~0.4.13"
      }
    },
    "glob": {
      "version": "6.0.4",
      "resolved": "https://registry.npmjs.org/glob/-/glob-6.0.4.tgz",
      "integrity": "sha1-DwiGD2oVUSey+t1PnOJLGqtuTSI=",
      "optional": true,
      "requires": {
        "inflight": "^1.0.4",
        "inherits": "2",
        "minimatch": "2 || 3",
        "once": "^1.3.0",
        "path-is-absolute": "^1.0.0"
      }
    },
    "hashids": {
      "version": "1.1.4",
      "resolved": "https://registry.npmjs.org/hashids/-/hashids-1.1.4.tgz",
      "integrity": "sha512-U/fnTE3edW0AV92ZI/BfEluMZuVcu3MDOopsN7jS+HqDYcarQo8rXQiWlsBlm0uX48/taYSdxRsfzh2HRg5Z6w=="
    },
    "iconv-lite": {
      "version": "0.4.24",
      "resolved": "https://registry.npmjs.org/iconv-lite/-/iconv-lite-0.4.24.tgz",
      "integrity": "sha512-v3MXnZAcvnywkTUEZomIActle7RXXeedOR31wwl7VlyoXO4Qi9arvSenNQWne1TcRwhCL1HwLI21bEqdpj8/rA==",
      "requires": {
        "safer-buffer": ">= 2.1.2 < 3"
      }
    },
    "ieee754": {
      "version": "1.1.12",
      "resolved": "https://registry.npmjs.org/ieee754/-/ieee754-1.1.12.tgz",
      "integrity": "sha512-GguP+DRY+pJ3soyIiGPTvdiVXjZ+DbXOxGpXn3eMvNW4x4irjqXm4wHKscC+TfxSJ0yw/S1F24tqdMNsMZTiLA=="
    },
    "inflight": {
      "version": "1.0.6",
      "resolved": "https://registry.npmjs.org/inflight/-/inflight-1.0.6.tgz",
      "integrity": "sha1-Sb1jMdfQLQwJvJEKEHW6gWW1bfk=",
      "optional": true,
      "requires": {
        "once": "^1.3.0",
        "wrappy": "1"
      }
    },
    "inherits": {
      "version": "2.0.3",
      "resolved": "https://registry.npmjs.org/inherits/-/inherits-2.0.3.tgz",
      "integrity": "sha1-Yzwsg+PaQqUC9SRmAiSA9CCCYd4=",
      "optional": true
    },
    "is-buffer": {
      "version": "1.1.6",
      "resolved": "https://registry.npmjs.org/is-buffer/-/is-buffer-1.1.6.tgz",
      "integrity": "sha512-NcdALwpXkTm5Zvvbk7owOUSvVvBKDgKP5/ewfXEznmQFfs4ZRmanOeKBTjRVjka3QFoN6XJ+9F3USqfHqTaU5w=="
    },
    "is-stream": {
      "version": "1.1.0",
      "resolved": "https://registry.npmjs.org/is-stream/-/is-stream-1.1.0.tgz",
      "integrity": "sha1-EtSj3U5o4Lec6428hBc66A2RykQ="
    },
    "md5": {
      "version": "2.2.1",
      "resolved": "https://registry.npmjs.org/md5/-/md5-2.2.1.tgz",
      "integrity": "sha1-U6s41f48iJG6RlMp6iP6wFQBJvk=",
      "requires": {
        "charenc": "~0.0.1",
        "crypt": "~0.0.1",
        "is-buffer": "~1.1.1"
      }
    },
    "minimatch": {
      "version": "3.0.4",
      "resolved": "https://registry.npmjs.org/minimatch/-/minimatch-3.0.4.tgz",
      "integrity": "sha512-yJHVQEhyqPLUTgt9B83PXu6W3rx4MvvHvSUvToogpwoGDOUQ+yDrR0HRot+yOCdCO7u4hX3pWft6kWBBcqh0UA==",
      "optional": true,
      "requires": {
        "brace-expansion": "^1.1.7"
      }
    },
    "minimist": {
      "version": "0.0.8",
      "resolved": "http://registry.npmjs.org/minimist/-/minimist-0.0.8.tgz",
      "integrity": "sha1-hX/Kv8M5fSYluCKCYuhqp6ARsF0=",
      "optional": true
    },
    "mkdirp": {
      "version": "0.5.1",
      "resolved": "http://registry.npmjs.org/mkdirp/-/mkdirp-0.5.1.tgz",
      "integrity": "sha1-MAV0OOrGz3+MR2fzhkjWaX11yQM=",
      "optional": true,
      "requires": {
        "minimist": "0.0.8"
      }
    },
    "mobx": {
      "version": "3.4.1",
      "resolved": "https://registry.npmjs.org/mobx/-/mobx-3.4.1.tgz",
      "integrity": "sha1-N6vl7ogtQBgo2fJsbBovR2FLu+8="
    },
    "moment": {
      "version": "2.22.2",
      "resolved": "https://registry.npmjs.org/moment/-/moment-2.22.2.tgz",
      "integrity": "sha1-PCV/mDn8DpP/UxSWMiOeuQeD/2Y="
    },
    "moment-timezone": {
      "version": "0.5.23",
      "resolved": "https://registry.npmjs.org/moment-timezone/-/moment-timezone-0.5.23.tgz",
      "integrity": "sha512-WHFH85DkCfiNMDX5D3X7hpNH3/PUhjTGcD0U1SgfBGZxJ3qUmJh5FdvaFjcClxOvB3rzdfj4oRffbI38jEnC1w==",
      "requires": {
        "moment": ">= 2.9.0"
      }
    },
    "mv": {
      "version": "2.1.1",
      "resolved": "https://registry.npmjs.org/mv/-/mv-2.1.1.tgz",
      "integrity": "sha1-rmzg1vbV4KT32JN5jQPB6pVZtqI=",
      "optional": true,
      "requires": {
        "mkdirp": "~0.5.1",
        "ncp": "~2.0.0",
        "rimraf": "~2.4.0"
      }
    },
    "nan": {
      "version": "2.11.1",
      "resolved": "https://registry.npmjs.org/nan/-/nan-2.11.1.tgz",
      "integrity": "sha512-iji6k87OSXa0CcrLl9z+ZiYSuR2o+c0bGuNmXdrhTQTakxytAFsC56SArGYoiHlJlFoHSnvmhpceZJaXkVuOtA==",
      "optional": true
    },
    "ncp": {
      "version": "2.0.0",
      "resolved": "http://registry.npmjs.org/ncp/-/ncp-2.0.0.tgz",
      "integrity": "sha1-GVoh1sRuNh0vsSgbo4uR6d9727M=",
      "optional": true
    },
    "node-fetch": {
      "version": "1.7.3",
      "resolved": "https://registry.npmjs.org/node-fetch/-/node-fetch-1.7.3.tgz",
      "integrity": "sha512-NhZ4CsKx7cYm2vSrBAr2PvFOe6sWDf0UYLRqA6svUYg7+/TSfVAu49jYC4BvQ4Sms9SZgdqGBgroqfDhJdTyKQ==",
      "requires": {
        "encoding": "^0.1.11",
        "is-stream": "^1.0.1"
      }
    },
    "once": {
      "version": "1.4.0",
      "resolved": "https://registry.npmjs.org/once/-/once-1.4.0.tgz",
      "integrity": "sha1-WDsap3WWHUsROsF9nFC6753Xa9E=",
      "requires": {
        "wrappy": "1"
      }
    },
    "opentracing": {
      "version": "0.14.2",
      "resolved": "https://registry.npmjs.org/opentracing/-/opentracing-0.14.2.tgz",
      "integrity": "sha1-IVxcwBUkg7jF10zsWTCM8c1ZX7E="
    },
    "path-is-absolute": {
      "version": "1.0.1",
      "resolved": "http://registry.npmjs.org/path-is-absolute/-/path-is-absolute-1.0.1.tgz",
      "integrity": "sha1-F0uSaHNVNP+8es5r9TpanhtcX18=",
      "optional": true
    },
    "querystringify": {
      "version": "1.0.0",
      "resolved": "https://registry.npmjs.org/querystringify/-/querystringify-1.0.0.tgz",
      "integrity": "sha1-YoYkIRLFtxL6ZU5SZlK/ahP/Bcs="
    },
    "requires-port": {
      "version": "1.0.0",
      "resolved": "https://registry.npmjs.org/requires-port/-/requires-port-1.0.0.tgz",
      "integrity": "sha1-kl0mAdOaxIXgkc8NpcbmlNw9yv8="
    },
    "rimraf": {
      "version": "2.4.5",
      "resolved": "http://registry.npmjs.org/rimraf/-/rimraf-2.4.5.tgz",
      "integrity": "sha1-7nEM5dk6j9uFb7Xqj/Di11k0sto=",
      "optional": true,
      "requires": {
        "glob": "^6.0.1"
      }
    },
    "safe-json-stringify": {
      "version": "1.2.0",
      "resolved": "https://registry.npmjs.org/safe-json-stringify/-/safe-json-stringify-1.2.0.tgz",
      "integrity": "sha512-gH8eh2nZudPQO6TytOvbxnuhYBOvDBBLW52tz5q6X58lJcd/tkmqFR+5Z9adS8aJtURSXWThWy/xJtJwixErvg==",
      "optional": true
    },
    "safer-buffer": {
      "version": "2.1.2",
      "resolved": "https://registry.npmjs.org/safer-buffer/-/safer-buffer-2.1.2.tgz",
      "integrity": "sha512-YZo3K82SD7Riyi0E1EQPojLz7kpepnSQI9IyPbHHg1XXXevb5dJI7tpyN2ADxGcQbHG7vcyRHk0cbwqcQriUtg=="
    },
    "url-parse": {
      "version": "1.2.0",
      "resolved": "https://registry.npmjs.org/url-parse/-/url-parse-1.2.0.tgz",
      "integrity": "sha512-DT1XbYAfmQP65M/mE6OALxmXzZ/z1+e5zk2TcSKe/KiYbNGZxgtttzC0mR/sjopbpOXcbniq7eIKmocJnUWlEw==",
      "requires": {
        "querystringify": "~1.0.0",
        "requires-port": "~1.0.0"
      }
    },
    "uuid": {
      "version": "3.3.2",
      "resolved": "https://registry.npmjs.org/uuid/-/uuid-3.3.2.tgz",
      "integrity": "sha512-yXJmeNaw3DnnKAOKJE51sL/ZaYfWJRl1pK9dr19YFCu0ObS231AB1/LbqTKRAQ5kw8A90rA6fr4riOUpTZvQZA=="
    },
    "wrappy": {
      "version": "1.0.2",
      "resolved": "https://registry.npmjs.org/wrappy/-/wrappy-1.0.2.tgz",
      "integrity": "sha1-tSQ9jz7BqjXxNkYFvA0QNuMKtp8="
    }
  }
}
